
Microsoft Visual Studio Solution File, Format Version 12.00
# Visual Studio 15
VisualStudioVersion = 15.0.26730.16
MinimumVisualStudioVersion = 10.0.40219.1
Project("{FAE04EC0-301F-11D3-BF4B-00C04F79EFBC}") = "TextcutLine2.0", "TextcutLine2.0\TextcutLine2.0.csproj", "{1E1ADC0C-2C8F-4BD3-B61E-04183E4C1BBE}"
EndProject
Global
	GlobalSection(SolutionConfigurationPlatforms) = preSolution
		Debug|Any CPU = Debug|Any CPU
		Release|Any CPU = Release|Any CPU
	EndGlobalSection
	GlobalSection(ProjectConfigurationPlatforms) = postSolution
		{1E1ADC0C-2C8F-4BD3-B61E-04183E4C1BBE}.Debug|Any CPU.ActiveCfg = Debug|Any CPU
		{1E1ADC0C-2C8F-4BD3-B61E-04183E4C1BBE}.Debug|Any CPU.Build.0 = Debug|Any CPU
		{1E1ADC0C-2C8F-4BD3-B61E-04183E4C1BBE}.Release|Any CPU.ActiveCfg = Release|Any CPU
		{1E1ADC0C-2C8F-4BD3-B61E-04183E4C1BBE}.Release|Any CPU.Build.0 = Release|Any CPU
	EndGlobalSection
	GlobalSection(SolutionProperties) = preSolution
		HideSolutionNode = FALSE
	EndGlobalSection
	GlobalSection(ExtensibilityGlobals) = postSolution
		SolutionGuid = {A4FB14F8-DD09-44FB-AEEA-C10A68423651}
	EndGlobalSection
EndGlobal
